Microsoft Visual Studio Solution File, Format Version 12.00
# Visual Studio Version 17
VisualStudioVersion = 17.5.2.0
MinimumVisualStudioVersion = 10.0.40219.1
Project("{FAE04EC0-301F-11D3-BF4B-00C04F79EFBC}") = "StudentManagementSystemApp", "StudentManagementSystemApp\StudentManagementSystemApp.csproj", "{4A9E55A4-DD28-9BEE-717E-7FE3741CFCD3}"
EndProject
Global
	GlobalSection(SolutionConfigurationPlatforms) = preSolution
		Debug|Any CPU = Debug|Any CPU
		Release|Any CPU = Release|Any CPU
	EndGlobalSection
	GlobalSection(ProjectConfigurationPlatforms) = postSolution
		{4A9E55A4-DD28-9BEE-717E-7FE3741CFCD3}.Debug|Any CPU.ActiveCfg = Debug|Any CPU
		{4A9E55A4-DD28-9BEE-717E-7FE3741CFCD3}.Debug|Any CPU.Build.0 = Debug|Any CPU
		{4A9E55A4-DD28-9BEE-717E-7FE3741CFCD3}.Release|Any CPU.ActiveCfg = Release|Any CPU
		{4A9E55A4-DD28-9BEE-717E-7FE3741CFCD3}.Release|Any CPU.Build.0 = Release|Any CPU
	EndGlobalSection
	GlobalSection(SolutionProperties) = preSolution
		HideSolutionNode = FALSE
	EndGlobalSection
	GlobalSection(ExtensibilityGlobals) = postSolution
		SolutionGuid = {82A319FA-4CAB-4E2D-88A5-D6F2C1504587}
	EndGlobalSection
EndGlobal
